
Microsoft Visual Studio Solution File, Format Version 12.00
# Visual Studio 2012
Project("{FAE04EC0-301F-11D3-BF4B-00C04F79EFBC}") = "Test", "Test\Test.csproj", "{6B728646-E399-44D0-85FD-B802F7ECE12F}"
EndProject
Global
	GlobalSection(SolutionConfigurationPlatforms) = preSolution
		Debug|x86 = Debug|x86
		Release|x86 = Release|x86
	EndGlobalSection
	GlobalSection(ProjectConfigurationPlatforms) = postSolution
		{6B728646-E399-44D0-85FD-B802F7ECE12F}.Debug|x86.ActiveCfg = Debug|x86
		{6B728646-E399-44D0-85FD-B802F7ECE12F}.Debug|x86.Build.0 = Debug|x86
		{6B728646-E399-44D0-85FD-B802F7ECE12F}.Release|x86.ActiveCfg = Release|x86
		{6B728646-E399-44D0-85FD-B802F7ECE12F}.Release|x86.Build.0 = Release|x86
	EndGlobalSection
	GlobalSection(MonoDevelopProperties) = preSolution
		StartupItem = Test\Test.csproj
	EndGlobalSection
EndGlobal
