
Microsoft Visual Studio Solution File, Format Version 12.00
# Visual Studio 2012
Project("{FAE04EC0-301F-11D3-BF4B-00C04F79EFBC}") = "ConstructorsandOverflowMethods", "ConstructorsandOverflowMethods\ConstructorsandOverflowMethods.csproj", "{ADD6E513-BEA8-4A88-AC7E-A91B88E01B6D}"
EndProject
Global
	GlobalSection(SolutionConfigurationPlatforms) = preSolution
		Debug|x86 = Debug|x86
		Release|x86 = Release|x86
	EndGlobalSection
	GlobalSection(ProjectConfigurationPlatforms) = postSolution
		{ADD6E513-BEA8-4A88-AC7E-A91B88E01B6D}.Debug|x86.ActiveCfg = Debug|x86
		{ADD6E513-BEA8-4A88-AC7E-A91B88E01B6D}.Debug|x86.Build.0 = Debug|x86
		{ADD6E513-BEA8-4A88-AC7E-A91B88E01B6D}.Release|x86.ActiveCfg = Release|x86
		{ADD6E513-BEA8-4A88-AC7E-A91B88E01B6D}.Release|x86.Build.0 = Release|x86
	EndGlobalSection
	GlobalSection(MonoDevelopProperties) = preSolution
		StartupItem = ConstructorsandOverflowMethods\ConstructorsandOverflowMethods.csproj
	EndGlobalSection
EndGlobal
