
Microsoft Visual Studio Solution File, Format Version 12.00
# Visual Studio 2012
Project("{FAE04EC0-301F-11D3-BF4B-00C04F79EFBC}") = "CreatingandManipulatingArrays", "CreatingandManipulatingArrays\CreatingandManipulatingArrays.csproj", "{73FEA896-A94B-44C3-84C1-70EA641C7D44}"
EndProject
Global
	GlobalSection(SolutionConfigurationPlatforms) = preSolution
		Debug|x86 = Debug|x86
		Release|x86 = Release|x86
	EndGlobalSection
	GlobalSection(ProjectConfigurationPlatforms) = postSolution
		{73FEA896-A94B-44C3-84C1-70EA641C7D44}.Debug|x86.ActiveCfg = Debug|x86
		{73FEA896-A94B-44C3-84C1-70EA641C7D44}.Debug|x86.Build.0 = Debug|x86
		{73FEA896-A94B-44C3-84C1-70EA641C7D44}.Release|x86.ActiveCfg = Release|x86
		{73FEA896-A94B-44C3-84C1-70EA641C7D44}.Release|x86.Build.0 = Release|x86
	EndGlobalSection
	GlobalSection(MonoDevelopProperties) = preSolution
		StartupItem = CreatingandManipulatingArrays\CreatingandManipulatingArrays.csproj
	EndGlobalSection
EndGlobal
